
Microsoft Visual Studio Solution File, Format Version 12.00
# Visual Studio Version 17
VisualStudioVersion = 17.8.34408.163
MinimumVisualStudioVersion = 10.0.40219.1
Project("{FAE04EC0-301F-11D3-BF4B-00C04F79EFBC}") = "Mission06_Millett", "Mission06_Millett\Mission06_Millett.csproj", "{E92C0D2F-45F5-4460-A871-80E6CF579BFB}"
EndProject
Global
	GlobalSection(SolutionConfigurationPlatforms) = preSolution
		Debug|Any CPU = Debug|Any CPU
		Release|Any CPU = Release|Any CPU
	EndGlobalSection
	GlobalSection(ProjectConfigurationPlatforms) = postSolution
		{E92C0D2F-45F5-4460-A871-80E6CF579BFB}.Debug|Any CPU.ActiveCfg = Debug|Any CPU
		{E92C0D2F-45F5-4460-A871-80E6CF579BFB}.Debug|Any CPU.Build.0 = Debug|Any CPU
		{E92C0D2F-45F5-4460-A871-80E6CF579BFB}.Release|Any CPU.ActiveCfg = Release|Any CPU
		{E92C0D2F-45F5-4460-A871-80E6CF579BFB}.Release|Any CPU.Build.0 = Release|Any CPU
	EndGlobalSection
	GlobalSection(SolutionProperties) = preSolution
		HideSolutionNode = FALSE
	EndGlobalSection
	GlobalSection(ExtensibilityGlobals) = postSolution
		SolutionGuid = {659FFA85-3FB2-4954-A8CD-40868991AAB3}
	EndGlobalSection
EndGlobal
